<?xml version="1.0" encoding="UTF-8" standalone="yes" ?>
<CodeBlocks_project_file>
	<FileVersion major="1" minor="6" />
	<Project>
		<Option title="paroxysm (win32)" />
		<Option pch_mode="2" />
		<Option compiler="gcc" />
		<Build>
			<Target title="Debug">
				<Option output="..\..\paroxysm_debug-win32" prefix_auto="1" extension_auto="1" />
				<Option working_dir="..\..\" />
				<Option object_output="obj\Debug\" />
				<Option type="1" />
				<Option compiler="gcc" />
				<Compiler>
					<Add option="-W" />
					<Add option="-g" />
				</Compiler>
			</Target>
			<Target title="Release">
				<Option output="..\..\paroxysm-win32" prefix_auto="1" extension_auto="1" />
				<Option working_dir="..\..\" />
				<Option object_output="obj\Release\" />
				<Option type="1" />
				<Option compiler="gcc" />
				<Compiler>
					<Add option="-fexpensive-optimizations" />
					<Add option="-O3" />
					<Add option="-W" />
				</Compiler>
				<Linker>
					<Add option="-s" />
					<Add option="-mwindows" />
				</Linker>
			</Target>
		</Build>
		<Compiler>
			<Add option="-W" />
		</Compiler>
		<Linker>
			<Add option="-s" />
			<Add library="mingw32" />
			<Add library="SDLmain" />
			<Add library="SDL_image" />
			<Add library="SDL_mixer" />
			<Add library="SDL_ttf" />
			<Add library="SDL" />
			<Add library="Glee" />
			<Add library="opengl32" />
			<Add library="glu32" />
			<Add library="C:\dev\MingW\lib\boost\libboost_filesystem-mgw34-mt.lib" />
			<Add library="C:\dev\MingW\lib\boost\libboost_system-mgw34-mt.lib" />
			<Add library="lua51" />
			<Add library="c3m" />
		</Linker>
		<Unit filename="..\Bullet.cpp" />
		<Unit filename="..\Bullet.h" />
		<Unit filename="..\Button.cpp" />
		<Unit filename="..\Button.h" />
		<Unit filename="..\CollisionEngine.cpp" />
		<Unit filename="..\CollisionEngine.h" />
		<Unit filename="..\Config.cpp" />
		<Unit filename="..\Config.h" />
		<Unit filename="..\Container.cpp" />
		<Unit filename="..\Container.h" />
		<Unit filename="..\Control.cpp" />
		<Unit filename="..\Control.h" />
		<Unit filename="..\DisplayEngine.cpp" />
		<Unit filename="..\DisplayEngine.h" />
		<Unit filename="..\EditVertexAction.cpp" />
		<Unit filename="..\EditVertexAction.h" />
		<Unit filename="..\Entity.cpp" />
		<Unit filename="..\Entity.h" />
		<Unit filename="..\EntityGarbageCollector.cpp" />
		<Unit filename="..\EntityGarbageCollector.h" />
		<Unit filename="..\GameCamera.cpp" />
		<Unit filename="..\GameCamera.h" />
		<Unit filename="..\GameModule.cpp" />
		<Unit filename="..\GameModule.h" />
		<Unit filename="..\HUD.cpp" />
		<Unit filename="..\HUD.h" />
		<Unit filename="..\Label.cpp" />
		<Unit filename="..\Label.h" />
		<Unit filename="..\LoadGameModule.cpp" />
		<Unit filename="..\LoadGameModule.h" />
		<Unit filename="..\LoadMapModule.cpp" />
		<Unit filename="..\LoadMapModule.h" />
		<Unit filename="..\LogFile.cpp" />
		<Unit filename="..\LogFile.h" />
		<Unit filename="..\LuaMachine.cpp" />
		<Unit filename="..\LuaMachine.h" />
		<Unit filename="..\MainMenuModule.cpp" />
		<Unit filename="..\MainMenuModule.h" />
		<Unit filename="..\MapEditorAction.cpp" />
		<Unit filename="..\MapEditorAction.h" />
		<Unit filename="..\MapEditorModule.cpp" />
		<Unit filename="..\MapEditorModule.h" />
		<Unit filename="..\MathEngine.cpp" />
		<Unit filename="..\MathEngine.h" />
		<Unit filename="..\Matrix.h" />
		<Unit filename="..\Model3D.h" />
		<Unit filename="..\ModelStack.cpp" />
		<Unit filename="..\ModelStack.h" />
		<Unit filename="..\Module.cpp" />
		<Unit filename="..\Module.h" />
		<Unit filename="..\OGL.h" />
		<Unit filename="..\PlainPic.cpp" />
		<Unit filename="..\PlainPic.h" />
		<Unit filename="..\PlayerControl.cpp" />
		<Unit filename="..\PlayerControl.h" />
		<Unit filename="..\Point2D.h" />
		<Unit filename="..\PowerVBO.cpp" />
		<Unit filename="..\PowerVBO.h" />
		<Unit filename="..\RobotControl.cpp" />
		<Unit filename="..\RobotControl.h" />
		<Unit filename="..\ScrollList.cpp" />
		<Unit filename="..\ScrollList.h" />
		<Unit filename="..\SoundEngine.cpp" />
		<Unit filename="..\SoundEngine.h" />
		<Unit filename="..\TSphere.cpp" />
		<Unit filename="..\TSphere.h" />
		<Unit filename="..\Tank.cpp" />
		<Unit filename="..\Tank.h" />
		<Unit filename="..\TerrainGrid.cpp" />
		<Unit filename="..\TerrainGrid.h" />
		<Unit filename="..\TextBox.cpp" />
		<Unit filename="..\TextBox.h" />
		<Unit filename="..\TextPic.cpp" />
		<Unit filename="..\TextPic.h" />
		<Unit filename="..\Vector3D.h" />
		<Unit filename="..\Widget.cpp" />
		<Unit filename="..\Widget.h" />
		<Unit filename="..\main.cpp" />
		<Unit filename="icon.rc">
			<Option compilerVar="WINDRES" />
		</Unit>
		<Extensions>
			<code_completion />
			<debugger />
			<envvars />
		</Extensions>
	</Project>
</CodeBlocks_project_file>
